{
  "version": 4,
  "terraform_version": "1.4.6",
  "serial": 3,
  "lineage": "40321ef1-107a-35e9-bbd8-f487f100dbbb",
  "outputs": {},
  "resources": [
    {
      "mode": "managed",
      "type": "protomesh_gateway_policy",
      "name": "petstore",
      "provider": "provider[\"registry.terraform.io/protomesh/protomesh\"]",
      "instances": [
        {
          "schema_version": 0,
          "attributes": {
            "id": "7517e953-2a3f-7c3c-a62c-ee8035a350ab",
            "name": "Route to PetStoreService.Register method",
            "namespace": "gateway",
            "policy": [
              {
                "handlers": [
                  {
                    "handler": [
                      {
                        "aws": [
                          {
                            "handler": [
                              {
                                "lambda": [
                                  {
                                    "function_name": "protomesh-python-petstore",
                                    "qualifier": "$LATEST"
                                  }
                                ]
                              }
                            ]
                          }
                        ]
                      }
                    ]
                  }
                ],
                "source": [
                  {
                    "grpc": [
                      {
                        "exact_method_name_match": true,
                        "method_name": "/petstore.PetStoreService/Register"
                      }
                    ],
                    "http": []
                  }
                ]
              }
            ],
            "resource_id": "7517e953-2a3f-7c3c-a62c-ee8035a350ab",
            "version_index": 1690741749,
            "version_sha256_sum": "tJJnVkCKwXQgXqIAYcXIlNZv6s6JIxRXmRCtJIX27cE"
          },
          "sensitive_attributes": [],
          "private": "bnVsbA==",
          "dependencies": [
            "random_uuid.petstore"
          ]
        }
      ]
    },
    {
      "mode": "managed",
      "type": "random_uuid",
      "name": "petstore",
      "provider": "provider[\"registry.terraform.io/hashicorp/random\"]",
      "instances": [
        {
          "schema_version": 0,
          "attributes": {
            "id": "7517e953-2a3f-7c3c-a62c-ee8035a350ab",
            "keepers": null,
            "result": "7517e953-2a3f-7c3c-a62c-ee8035a350ab"
          },
          "sensitive_attributes": []
        }
      ]
    }
  ],
  "check_results": null
}
